// !$*UTF8*$!
{
	archiveVersion = 1;
	classes = {
	};
	objectVersion = 50;
	objects = {

/* Begin PBXBuildFile section */
		9906A774259B361F00CA37E9 /* Appetizers_SwiftUIApp.swift in Sources */ = {isa = PBXBuildFile; fileRef = 9906A773259B361F00CA37E9 /* Appetizers_SwiftUIApp.swift */; };
		9906A776259B361F00CA37E9 /* AppetizerTabView.swift in Sources */ = {isa = PBXBuildFile; fileRef = 9906A775259B361F00CA37E9 /* AppetizerTabView.swift */; };
		9906A778259B362000CA37E9 /* Assets.xcassets in Resources */ = {isa = PBXBuildFile; fileRef = 9906A777259B362000CA37E9 /* Assets.xcassets */; };
		9906A77B259B362000CA37E9 /* Preview Assets.xcassets in Resources */ = {isa = PBXBuildFile; fileRef = 9906A77A259B362000CA37E9 /* Preview Assets.xcassets */; };
		9906A784259B374800CA37E9 /* AppetizerListView.swift in Sources */ = {isa = PBXBuildFile; fileRef = 9906A783259B374800CA37E9 /* AppetizerListView.swift */; };
		9906A788259B374F00CA37E9 /* AccountView.swift in Sources */ = {isa = PBXBuildFile; fileRef = 9906A787259B374F00CA37E9 /* AccountView.swift */; };
		9906A78B259B375600CA37E9 /* OrderView.swift in Sources */ = {isa = PBXBuildFile; fileRef = 9906A78A259B375600CA37E9 /* OrderView.swift */; };
		9910E0E625A328BC00F8AAFE /* Alert.swift in Sources */ = {isa = PBXBuildFile; fileRef = 9910E0E525A328BC00F8AAFE /* Alert.swift */; };
		9915C4D1259B522A00C94925 /* Appetizer.swift in Sources */ = {isa = PBXBuildFile; fileRef = 9915C4D0259B522A00C94925 /* Appetizer.swift */; };
		9915C4D4259B56FF00C94925 /* AppetizerListCell.swift in Sources */ = {isa = PBXBuildFile; fileRef = 9915C4D3259B56FF00C94925 /* AppetizerListCell.swift */; };
		9915C4D8259B7A2B00C94925 /* NetworkManager.swift in Sources */ = {isa = PBXBuildFile; fileRef = 9915C4D7259B7A2B00C94925 /* NetworkManager.swift */; };
		9915C4DB259B7B5400C94925 /* APError.swift in Sources */ = {isa = PBXBuildFile; fileRef = 9915C4DA259B7B5400C94925 /* APError.swift */; };
		9915C4DE259B86EE00C94925 /* AppetizerListViewModel.swift in Sources */ = {isa = PBXBuildFile; fileRef = 9915C4DD259B86EE00C94925 /* AppetizerListViewModel.swift */; };
		9917477A25A384810090D899 /* LoadingView.swift in Sources */ = {isa = PBXBuildFile; fileRef = 9917477925A384810090D899 /* LoadingView.swift */; };
		99B4E0D025A9E41A00A066C5 /* RemoteImage.swift in Sources */ = {isa = PBXBuildFile; fileRef = 99B4E0CF25A9E41A00A066C5 /* RemoteImage.swift */; };
		99FB025A25A3880B001F82DE /* Color+Ext.swift in Sources */ = {isa = PBXBuildFile; fileRef = 99FB025925A3880B001F82DE /* Color+Ext.swift */; };
/* End PBXBuildFile section */

/* Begin PBXFileReference section */
		9906A770259B361F00CA37E9 /* Appetizers SwiftUI.app */ = {isa = PBXFileReference; explicitFileType = wrapper.application; includeInIndex = 0; path = "Appetizers SwiftUI.app"; sourceTree = BUILT_PRODUCTS_DIR; };
		9906A773259B361F00CA37E9 /* Appetizers_SwiftUIApp.swift */ = {isa = PBXFileReference; lastKnownFileType = sourcecode.swift; path = Appetizers_SwiftUIApp.swift; sourceTree = "<group>"; };
		9906A775259B361F00CA37E9 /* AppetizerTabView.swift */ = {isa = PBXFileReference; lastKnownFileType = sourcecode.swift; path = AppetizerTabView.swift; sourceTree = "<group>"; };
		9906A777259B362000CA37E9 /* Assets.xcassets */ = {isa = PBXFileReference; lastKnownFileType = folder.assetcatalog; path = Assets.xcassets; sourceTree = "<group>"; };
		9906A77A259B362000CA37E9 /* Preview Assets.xcassets */ = {isa = PBXFileReference; lastKnownFileType = folder.assetcatalog; path = "Preview Assets.xcassets"; sourceTree = "<group>"; };
		9906A77C259B362000CA37E9 /* Info.plist */ = {isa = PBXFileReference; lastKnownFileType = text.plist.xml; path = Info.plist; sourceTree = "<group>"; };
		9906A783259B374800CA37E9 /* AppetizerListView.swift */ = {isa = PBXFileReference; lastKnownFileType = sourcecode.swift; path = AppetizerListView.swift; sourceTree = "<group>"; };
		9906A787259B374F00CA37E9 /* AccountView.swift */ = {isa = PBXFileReference; lastKnownFileType = sourcecode.swift; path = AccountView.swift; sourceTree = "<group>"; };
		9906A78A259B375600CA37E9 /* OrderView.swift */ = {isa = PBXFileReference; lastKnownFileType = sourcecode.swift; path = OrderView.swift; sourceTree = "<group>"; };
		9910E0E525A328BC00F8AAFE /* Alert.swift */ = {isa = PBXFileReference; lastKnownFileType = sourcecode.swift; path = Alert.swift; sourceTree = "<group>"; };
		9915C4D0259B522A00C94925 /* Appetizer.swift */ = {isa = PBXFileReference; lastKnownFileType = sourcecode.swift; path = Appetizer.swift; sourceTree = "<group>"; };
		9915C4D3259B56FF00C94925 /* AppetizerListCell.swift */ = {isa = PBXFileReference; lastKnownFileType = sourcecode.swift; path = AppetizerListCell.swift; sourceTree = "<group>"; };
		9915C4D7259B7A2B00C94925 /* NetworkManager.swift */ = {isa = PBXFileReference; lastKnownFileType = sourcecode.swift; path = NetworkManager.swift; sourceTree = "<group>"; };
		9915C4DA259B7B5400C94925 /* APError.swift */ = {isa = PBXFileReference; lastKnownFileType = sourcecode.swift; path = APError.swift; sourceTree = "<group>"; };
		9915C4DD259B86EE00C94925 /* AppetizerListViewModel.swift */ = {isa = PBXFileReference; lastKnownFileType = sourcecode.swift; path = AppetizerListViewModel.swift; sourceTree = "<group>"; };
		9917477925A384810090D899 /* LoadingView.swift */ = {isa = PBXFileReference; lastKnownFileType = sourcecode.swift; path = LoadingView.swift; sourceTree = "<group>"; };
		99B4E0CF25A9E41A00A066C5 /* RemoteImage.swift */ = {isa = PBXFileReference; lastKnownFileType = sourcecode.swift; path = RemoteImage.swift; sourceTree = "<group>"; };
		99FB025925A3880B001F82DE /* Color+Ext.swift */ = {isa = PBXFileReference; lastKnownFileType = sourcecode.swift; path = "Color+Ext.swift"; sourceTree = "<group>"; };
/* End PBXFileReference section */

/* Begin PBXFrameworksBuildPhase section */
		9906A76D259B361F00CA37E9 /* Frameworks */ = {
			isa = PBXFrameworksBuildPhase;
			buildActionMask = 2147483647;
			files = (
			);
			runOnlyForDeploymentPostprocessing = 0;
		};
/* End PBXFrameworksBuildPhase section */

/* Begin PBXGroup section */
		9906A767259B361F00CA37E9 = {
			isa = PBXGroup;
			children = (
				9906A772259B361F00CA37E9 /* Appetizers SwiftUI */,
				9906A771259B361F00CA37E9 /* Products */,
			);
			sourceTree = "<group>";
		};
		9906A771259B361F00CA37E9 /* Products */ = {
			isa = PBXGroup;
			children = (
				9906A770259B361F00CA37E9 /* Appetizers SwiftUI.app */,
			);
			name = Products;
			sourceTree = "<group>";
		};
		9906A772259B361F00CA37E9 /* Appetizers SwiftUI */ = {
			isa = PBXGroup;
			children = (
				9906A773259B361F00CA37E9 /* Appetizers_SwiftUIApp.swift */,
				9906A775259B361F00CA37E9 /* AppetizerTabView.swift */,
				9906A777259B362000CA37E9 /* Assets.xcassets */,
				9906A77C259B362000CA37E9 /* Info.plist */,
				9906A779259B362000CA37E9 /* Preview Content */,
				9906A783259B374800CA37E9 /* AppetizerListView.swift */,
				9906A787259B374F00CA37E9 /* AccountView.swift */,
				9906A78A259B375600CA37E9 /* OrderView.swift */,
				9915C4D0259B522A00C94925 /* Appetizer.swift */,
				9915C4D3259B56FF00C94925 /* AppetizerListCell.swift */,
				9915C4D7259B7A2B00C94925 /* NetworkManager.swift */,
				9915C4DA259B7B5400C94925 /* APError.swift */,
				9915C4DD259B86EE00C94925 /* AppetizerListViewModel.swift */,
				9910E0E525A328BC00F8AAFE /* Alert.swift */,
				9917477925A384810090D899 /* LoadingView.swift */,
				99FB025925A3880B001F82DE /* Color+Ext.swift */,
				99B4E0CF25A9E41A00A066C5 /* RemoteImage.swift */,
			);
			path = "Appetizers SwiftUI";
			sourceTree = "<group>";
		};
		9906A779259B362000CA37E9 /* Preview Content */ = {
			isa = PBXGroup;
			children = (
				9906A77A259B362000CA37E9 /* Preview Assets.xcassets */,
			);
			path = "Preview Content";
			sourceTree = "<group>";
		};
/* End PBXGroup section */

/* Begin PBXNativeTarget section */
		9906A76F259B361F00CA37E9 /* Appetizers SwiftUI */ = {
			isa = PBXNativeTarget;
			buildConfigurationList = 9906A77F259B362000CA37E9 /* Build configuration list for PBXNativeTarget "Appetizers SwiftUI" */;
			buildPhases = (
				9906A76C259B361F00CA37E9 /* Sources */,
				9906A76D259B361F00CA37E9 /* Frameworks */,
				9906A76E259B361F00CA37E9 /* Resources */,
			);
			buildRules = (
			);
			dependencies = (
			);
			name = "Appetizers SwiftUI";
			productName = "Appetizers SwiftUI";
			productReference = 9906A770259B361F00CA37E9 /* Appetizers SwiftUI.app */;
			productType = "com.apple.product-type.application";
		};
/* End PBXNativeTarget section */

/* Begin PBXProject section */
		9906A768259B361F00CA37E9 /* Project object */ = {
			isa = PBXProject;
			attributes = {
				LastSwiftUpdateCheck = 1230;
				LastUpgradeCheck = 1230;
				TargetAttributes = {
					9906A76F259B361F00CA37E9 = {
						CreatedOnToolsVersion = 12.3;
					};
				};
			};
			buildConfigurationList = 9906A76B259B361F00CA37E9 /* Build configuration list for PBXProject "Appetizers SwiftUI" */;
			compatibilityVersion = "Xcode 9.3";
			developmentRegion = en;
			hasScannedForEncodings = 0;
			knownRegions = (
				en,
				Base,
			);
			mainGroup = 9906A767259B361F00CA37E9;
			productRefGroup = 9906A771259B361F00CA37E9 /* Products */;
			projectDirPath = "";
			projectRoot = "";
			targets = (
				9906A76F259B361F00CA37E9 /* Appetizers SwiftUI */,
			);
		};
/* End PBXProject section */

/* Begin PBXResourcesBuildPhase section */
		9906A76E259B361F00CA37E9 /* Resources */ = {
			isa = PBXResourcesBuildPhase;
			buildActionMask = 2147483647;
			files = (
				9906A77B259B362000CA37E9 /* Preview Assets.xcassets in Resources */,
				9906A778259B362000CA37E9 /* Assets.xcassets in Resources */,
			);
			runOnlyForDeploymentPostprocessing = 0;
		};
/* End PBXResourcesBuildPhase section */

/* Begin PBXSourcesBuildPhase section */
		9906A76C259B361F00CA37E9 /* Sources */ = {
			isa = PBXSourcesBuildPhase;
			buildActionMask = 2147483647;
			files = (
				9915C4D4259B56FF00C94925 /* AppetizerListCell.swift in Sources */,
				9915C4DB259B7B5400C94925 /* APError.swift in Sources */,
				9915C4D1259B522A00C94925 /* Appetizer.swift in Sources */,
				9915C4DE259B86EE00C94925 /* AppetizerListViewModel.swift in Sources */,
				99FB025A25A3880B001F82DE /* Color+Ext.swift in Sources */,
				9906A788259B374F00CA37E9 /* AccountView.swift in Sources */,
				9917477A25A384810090D899 /* LoadingView.swift in Sources */,
				9906A776259B361F00CA37E9 /* AppetizerTabView.swift in Sources */,
				9915C4D8259B7A2B00C94925 /* NetworkManager.swift in Sources */,
				99B4E0D025A9E41A00A066C5 /* RemoteImage.swift in Sources */,
				9906A774259B361F00CA37E9 /* Appetizers_SwiftUIApp.swift in Sources */,
				9910E0E625A328BC00F8AAFE /* Alert.swift in Sources */,
				9906A784259B374800CA37E9 /* AppetizerListView.swift in Sources */,
				9906A78B259B375600CA37E9 /* OrderView.swift in Sources */,
			);
			runOnlyForDeploymentPostprocessing = 0;
		};
/* End PBXSourcesBuildPhase section */

/* Begin XCBuildConfiguration section */
		9906A77D259B362000CA37E9 /* Debug */ = {
			isa = XCBuildConfiguration;
			buildSettings = {
				ALWAYS_SEARCH_USER_PATHS = NO;
				CLANG_ANALYZER_NONNULL = YES;
				CLANG_ANALYZER_NUMBER_OBJECT_CONVERSION = YES_AGGRESSIVE;
				CLANG_CXX_LANGUAGE_STANDARD = "gnu++14";
				CLANG_CXX_LIBRARY = "libc++";
				CLANG_ENABLE_MODULES = YES;
				CLANG_ENABLE_OBJC_ARC = YES;
				CLANG_ENABLE_OBJC_WEAK = YES;
				CLANG_WARN_BLOCK_CAPTURE_AUTORELEASING = YES;
				CLANG_WARN_BOOL_CONVERSION = YES;
				CLANG_WARN_COMMA = YES;
				CLANG_WARN_CONSTANT_CONVERSION = YES;
				CLANG_WARN_DEPRECATED_OBJC_IMPLEMENTATIONS = YES;
				CLANG_WARN_DIRECT_OBJC_ISA_USAGE = YES_ERROR;
				CLANG_WARN_DOCUMENTATION_COMMENTS = YES;
				CLANG_WARN_EMPTY_BODY = YES;
				CLANG_WARN_ENUM_CONVERSION = YES;
				CLANG_WARN_INFINITE_RECURSION = YES;
				CLANG_WARN_INT_CONVERSION = YES;
				CLANG_WARN_NON_LITERAL_NULL_CONVERSION = YES;
				CLANG_WARN_OBJC_IMPLICIT_RETAIN_SELF = YES;
				CLANG_WARN_OBJC_LITERAL_CONVERSION = YES;
				CLANG_WARN_OBJC_ROOT_CLASS = YES_ERROR;
				CLANG_WARN_QUOTED_INCLUDE_IN_FRAMEWORK_HEADER = YES;
				CLANG_WARN_RANGE_LOOP_ANALYSIS = YES;
				CLANG_WARN_STRICT_PROTOTYPES = YES;
				CLANG_WARN_SUSPICIOUS_MOVE = YES;
				CLANG_WARN_UNGUARDED_AVAILABILITY = YES_AGGRESSIVE;
				CLANG_WARN_UNREACHABLE_CODE = YES;
				CLANG_WARN__DUPLICATE_METHOD_MATCH = YES;
				COPY_PHASE_STRIP = NO;
				DEBUG_INFORMATION_FORMAT = dwarf;
				ENABLE_STRICT_OBJC_MSGSEND = YES;
				ENABLE_TESTABILITY = YES;
				GCC_C_LANGUAGE_STANDARD = gnu11;
				GCC_DYNAMIC_NO_PIC = NO;
				GCC_NO_COMMON_BLOCKS = YES;
				GCC_OPTIMIZATION_LEVEL = 0;
				GCC_PREPROCESSOR_DEFINITIONS = (
					"DEBUG=1",
					"$(inherited)",
				);
				GCC_WARN_64_TO_32_BIT_CONVERSION = YES;
				GCC_WARN_ABOUT_RETURN_TYPE = YES_ERROR;
				GCC_WARN_UNDECLARED_SELECTOR = YES;
				GCC_WARN_UNINITIALIZED_AUTOS = YES_AGGRESSIVE;
				GCC_WARN_UNUSED_FUNCTION = YES;
				GCC_WARN_UNUSED_VARIABLE = YES;
				IPHONEOS_DEPLOYMENT_TARGET = 14.3;
				MTL_ENABLE_DEBUG_INFO = INCLUDE_SOURCE;
				MTL_FAST_MATH = YES;
				ONLY_ACTIVE_ARCH = YES;
				SDKROOT = iphoneos;
				SWIFT_ACTIVE_COMPILATION_CONDITIONS = DEBUG;
				SWIFT_OPTIMIZATION_LEVEL = "-Onone";
			};
			name = Debug;
		};
		9906A77E259B362000CA37E9 /* Release */ = {
			isa = XCBuildConfiguration;
			buildSettings = {
				ALWAYS_SEARCH_USER_PATHS = NO;
				CLANG_ANALYZER_NONNULL = YES;
				CLANG_ANALYZER_NUMBER_OBJECT_CONVERSION = YES_AGGRESSIVE;
				CLANG_CXX_LANGUAGE_STANDARD = "gnu++14";
				CLANG_CXX_LIBRARY = "libc++";
				CLANG_ENABLE_MODULES = YES;
				CLANG_ENABLE_OBJC_ARC = YES;
				CLANG_ENABLE_OBJC_WEAK = YES;
				CLANG_WARN_BLOCK_CAPTURE_AUTORELEASING = YES;
				CLANG_WARN_BOOL_CONVERSION = YES;
				CLANG_WARN_COMMA = YES;
				CLANG_WARN_CONSTANT_CONVERSION = YES;
				CLANG_WARN_DEPRECATED_OBJC_IMPLEMENTATIONS = YES;
				CLANG_WARN_DIRECT_OBJC_ISA_USAGE = YES_ERROR;
				CLANG_WARN_DOCUMENTATION_COMMENTS = YES;
				CLANG_WARN_EMPTY_BODY = YES;
				CLANG_WARN_ENUM_CONVERSION = YES;
				CLANG_WARN_INFINITE_RECURSION = YES;
				CLANG_WARN_INT_CONVERSION = YES;
				CLANG_WARN_NON_LITERAL_NULL_CONVERSION = YES;
				CLANG_WARN_OBJC_IMPLICIT_RETAIN_SELF = YES;
				CLANG_WARN_OBJC_LITERAL_CONVERSION = YES;
				CLANG_WARN_OBJC_ROOT_CLASS = YES_ERROR;
				CLANG_WARN_QUOTED_INCLUDE_IN_FRAMEWORK_HEADER = YES;
				CLANG_WARN_RANGE_LOOP_ANALYSIS = YES;
				CLANG_WARN_STRICT_PROTOTYPES = YES;
				CLANG_WARN_SUSPICIOUS_MOVE = YES;
				CLANG_WARN_UNGUARDED_AVAILABILITY = YES_AGGRESSIVE;
				CLANG_WARN_UNREACHABLE_CODE = YES;
				CLANG_WARN__DUPLICATE_METHOD_MATCH = YES;
				COPY_PHASE_STRIP = NO;
				DEBUG_INFORMATION_FORMAT = "dwarf-with-dsym";
				ENABLE_NS_ASSERTIONS = NO;
				ENABLE_STRICT_OBJC_MSGSEND = YES;
				GCC_C_LANGUAGE_STANDARD = gnu11;
				GCC_NO_COMMON_BLOCKS = YES;
				GCC_WARN_64_TO_32_BIT_CONVERSION = YES;
				GCC_WARN_ABOUT_RETURN_TYPE = YES_ERROR;
				GCC_WARN_UNDECLARED_SELECTOR = YES;
				GCC_WARN_UNINITIALIZED_AUTOS = YES_AGGRESSIVE;
				GCC_WARN_UNUSED_FUNCTION = YES;
				GCC_WARN_UNUSED_VARIABLE = YES;
				IPHONEOS_DEPLOYMENT_TARGET = 14.3;
				MTL_ENABLE_DEBUG_INFO = NO;
				MTL_FAST_MATH = YES;
				SDKROOT = iphoneos;
				SWIFT_COMPILATION_MODE = wholemodule;
				SWIFT_OPTIMIZATION_LEVEL = "-O";
				VALIDATE_PRODUCT = YES;
			};
			name = Release;
		};
		9906A780259B362000CA37E9 /* Debug */ = {
			isa = XCBuildConfiguration;
			buildSettings = {
				ASSETCATALOG_COMPILER_APPICON_NAME = AppIcon;
				ASSETCATALOG_COMPILER_GLOBAL_ACCENT_COLOR_NAME = AccentColor;
				CODE_SIGN_STYLE = Automatic;
				DEVELOPMENT_ASSET_PATHS = "\"Appetizers SwiftUI/Preview Content\"";
				DEVELOPMENT_TEAM = 556JYUKVPG;
				ENABLE_PREVIEWS = YES;
				INFOPLIST_FILE = "Appetizers SwiftUI/Info.plist";
				IPHONEOS_DEPLOYMENT_TARGET = 14.0;
				LD_RUNPATH_SEARCH_PATHS = (
					"$(inherited)",
					"@executable_path/Frameworks",
				);
				PRODUCT_BUNDLE_IDENTIFIER = "com.catalinpalade.Appetizers-SwiftUI";
				PRODUCT_NAME = "$(TARGET_NAME)";
				SWIFT_VERSION = 5.0;
				TARGETED_DEVICE_FAMILY = "1,2";
			};
			name = Debug;
		};
		9906A781259B362000CA37E9 /* Release */ = {
			isa = XCBuildConfiguration;
			buildSettings = {
				ASSETCATALOG_COMPILER_APPICON_NAME = AppIcon;
				ASSETCATALOG_COMPILER_GLOBAL_ACCENT_COLOR_NAME = AccentColor;
				CODE_SIGN_STYLE = Automatic;
				DEVELOPMENT_ASSET_PATHS = "\"Appetizers SwiftUI/Preview Content\"";
				DEVELOPMENT_TEAM = 556JYUKVPG;
				ENABLE_PREVIEWS = YES;
				INFOPLIST_FILE = "Appetizers SwiftUI/Info.plist";
				IPHONEOS_DEPLOYMENT_TARGET = 14.0;
				LD_RUNPATH_SEARCH_PATHS = (
					"$(inherited)",
					"@executable_path/Frameworks",
				);
				PRODUCT_BUNDLE_IDENTIFIER = "com.catalinpalade.Appetizers-SwiftUI";
				PRODUCT_NAME = "$(TARGET_NAME)";
				SWIFT_VERSION = 5.0;
				TARGETED_DEVICE_FAMILY = "1,2";
			};
			name = Release;
		};
/* End XCBuildConfiguration section */

/* Begin XCConfigurationList section */
		9906A76B259B361F00CA37E9 /* Build configuration list for PBXProject "Appetizers SwiftUI" */ = {
			isa = XCConfigurationList;
			buildConfigurations = (
				9906A77D259B362000CA37E9 /* Debug */,
				9906A77E259B362000CA37E9 /* Release */,
			);
			defaultConfigurationIsVisible = 0;
			defaultConfigurationName = Release;
		};
		9906A77F259B362000CA37E9 /* Build configuration list for PBXNativeTarget "Appetizers SwiftUI" */ = {
			isa = XCConfigurationList;
			buildConfigurations = (
				9906A780259B362000CA37E9 /* Debug */,
				9906A781259B362000CA37E9 /* Release */,
			);
			defaultConfigurationIsVisible = 0;
			defaultConfigurationName = Release;
		};
/* End XCConfigurationList section */
	};
	rootObject = 9906A768259B361F00CA37E9 /* Project object */;
}
